
Microsoft Visual Studio Solution File, Format Version 12.00
# Visual Studio 15
VisualStudioVersion = 15.0.28307.645
MinimumVisualStudioVersion = 10.0.40219.1
Project("{FAE04EC0-301F-11D3-BF4B-00C04F79EFBC}") = "AutoUpdateTest", "AutoUpdateTest\AutoUpdateTest.csproj", "{F11D2BB1-DAE4-4E17-A394-7D47326E8090}"
EndProject
Global
	GlobalSection(SolutionConfigurationPlatforms) = preSolution
		Debug|Any CPU = Debug|Any CPU
		Release|Any CPU = Release|Any CPU
	EndGlobalSection
	GlobalSection(ProjectConfigurationPlatforms) = postSolution
		{F11D2BB1-DAE4-4E17-A394-7D47326E8090}.Debug|Any CPU.ActiveCfg = Debug|Any CPU
		{F11D2BB1-DAE4-4E17-A394-7D47326E8090}.Debug|Any CPU.Build.0 = Debug|Any CPU
		{F11D2BB1-DAE4-4E17-A394-7D47326E8090}.Release|Any CPU.ActiveCfg = Release|Any CPU
		{F11D2BB1-DAE4-4E17-A394-7D47326E8090}.Release|Any CPU.Build.0 = Release|Any CPU
	EndGlobalSection
	GlobalSection(SolutionProperties) = preSolution
		HideSolutionNode = FALSE
	EndGlobalSection
	GlobalSection(ExtensibilityGlobals) = postSolution
		SolutionGuid = {76FA9990-2029-44CA-982E-3C2E0D3D8721}
	EndGlobalSection
EndGlobal
